
Microsoft Visual Studio Solution File, Format Version 12.00
# Visual Studio Version 17
VisualStudioVersion = 17.12.35527.113
MinimumVisualStudioVersion = 10.0.40219.1
Project("{FAE04EC0-301F-11D3-BF4B-00C04F79EFBC}") = "TestTask.Core", "TestTask.Core\TestTask.Core.csproj", "{CDB50370-6AD5-4249-8FA6-186DBA9B8A95}"
EndProject
Project("{FAE04EC0-301F-11D3-BF4B-00C04F79EFBC}") = "TestTask.Console", "TestTask.Console\TestTask.Console.csproj", "{C217DB30-6D06-4826-95DE-64289F1B9A9A}"
EndProject
Project("{2150E333-8FDC-42A3-9474-1A3956D46DE8}") = "Files", "Files", "{E0F92093-73EF-40FF-A4BF-7E335A24FC9A}"
	ProjectSection(SolutionItems) = preProject
		CabTripDb.sql = CabTripDb.sql
		TestTask.Console\bin\Debug\net8.0\sample-cab-duplicates.csv = TestTask.Console\bin\Debug\net8.0\sample-cab-duplicates.csv
		CabTripSelectQueries.sql = CabTripSelectQueries.sql
		TestTask.Console\bin\Debug\net8.0\sample-cab-errors.csv = TestTask.Console\bin\Debug\net8.0\sample-cab-errors.csv
	EndProjectSection
EndProject
Global
	GlobalSection(SolutionConfigurationPlatforms) = preSolution
		Debug|Any CPU = Debug|Any CPU
		Release|Any CPU = Release|Any CPU
	EndGlobalSection
	GlobalSection(ProjectConfigurationPlatforms) = postSolution
		{CDB50370-6AD5-4249-8FA6-186DBA9B8A95}.Debug|Any CPU.ActiveCfg = Debug|Any CPU
		{CDB50370-6AD5-4249-8FA6-186DBA9B8A95}.Debug|Any CPU.Build.0 = Debug|Any CPU
		{CDB50370-6AD5-4249-8FA6-186DBA9B8A95}.Release|Any CPU.ActiveCfg = Release|Any CPU
		{CDB50370-6AD5-4249-8FA6-186DBA9B8A95}.Release|Any CPU.Build.0 = Release|Any CPU
		{C217DB30-6D06-4826-95DE-64289F1B9A9A}.Debug|Any CPU.ActiveCfg = Debug|Any CPU
		{C217DB30-6D06-4826-95DE-64289F1B9A9A}.Debug|Any CPU.Build.0 = Debug|Any CPU
		{C217DB30-6D06-4826-95DE-64289F1B9A9A}.Release|Any CPU.ActiveCfg = Release|Any CPU
		{C217DB30-6D06-4826-95DE-64289F1B9A9A}.Release|Any CPU.Build.0 = Release|Any CPU
	EndGlobalSection
	GlobalSection(SolutionProperties) = preSolution
		HideSolutionNode = FALSE
	EndGlobalSection
EndGlobal
